
Microsoft Visual Studio Solution File, Format Version 12.00
# Visual Studio Version 17
VisualStudioVersion = 17.4.33205.214
MinimumVisualStudioVersion = 10.0.40219.1
Project("{9A19103F-16F7-4668-BE54-9A1E7A4F7556}") = "GerenciadorEmpresa", "GerenciadorEmpresa\GerenciadorEmpresa.csproj", "{6C3477D2-3E90-4E91-BBE9-90C5397DEA5E}"
EndProject
Project("{9A19103F-16F7-4668-BE54-9A1E7A4F7556}") = "Gerenciador.InfraStructure", "InfraStructure\Gerenciador.InfraStructure.csproj", "{D441778F-2420-4DBC-B11B-BE03BECA1120}"
EndProject
Project("{9A19103F-16F7-4668-BE54-9A1E7A4F7556}") = "Gerenciador.Domain", "Domain\Gerenciador.Domain.csproj", "{242674D1-BA18-4ACE-8820-A4086BC77AF5}"
EndProject
Project("{9A19103F-16F7-4668-BE54-9A1E7A4F7556}") = "Gerenciador.Service", "Service\Gerenciador.Service.csproj", "{879F02A5-C49A-489D-A21C-E287B3E8AA1C}"
EndProject
Global
	GlobalSection(SolutionConfigurationPlatforms) = preSolution
		Debug|Any CPU = Debug|Any CPU
		Release|Any CPU = Release|Any CPU
	EndGlobalSection
	GlobalSection(ProjectConfigurationPlatforms) = postSolution
		{6C3477D2-3E90-4E91-BBE9-90C5397DEA5E}.Debug|Any CPU.ActiveCfg = Debug|Any CPU
		{6C3477D2-3E90-4E91-BBE9-90C5397DEA5E}.Debug|Any CPU.Build.0 = Debug|Any CPU
		{6C3477D2-3E90-4E91-BBE9-90C5397DEA5E}.Release|Any CPU.ActiveCfg = Release|Any CPU
		{6C3477D2-3E90-4E91-BBE9-90C5397DEA5E}.Release|Any CPU.Build.0 = Release|Any CPU
		{D441778F-2420-4DBC-B11B-BE03BECA1120}.Debug|Any CPU.ActiveCfg = Debug|Any CPU
		{D441778F-2420-4DBC-B11B-BE03BECA1120}.Debug|Any CPU.Build.0 = Debug|Any CPU
		{D441778F-2420-4DBC-B11B-BE03BECA1120}.Release|Any CPU.ActiveCfg = Release|Any CPU
		{D441778F-2420-4DBC-B11B-BE03BECA1120}.Release|Any CPU.Build.0 = Release|Any CPU
		{242674D1-BA18-4ACE-8820-A4086BC77AF5}.Debug|Any CPU.ActiveCfg = Debug|Any CPU
		{242674D1-BA18-4ACE-8820-A4086BC77AF5}.Debug|Any CPU.Build.0 = Debug|Any CPU
		{242674D1-BA18-4ACE-8820-A4086BC77AF5}.Release|Any CPU.ActiveCfg = Release|Any CPU
		{242674D1-BA18-4ACE-8820-A4086BC77AF5}.Release|Any CPU.Build.0 = Release|Any CPU
		{879F02A5-C49A-489D-A21C-E287B3E8AA1C}.Debug|Any CPU.ActiveCfg = Debug|Any CPU
		{879F02A5-C49A-489D-A21C-E287B3E8AA1C}.Debug|Any CPU.Build.0 = Debug|Any CPU
		{879F02A5-C49A-489D-A21C-E287B3E8AA1C}.Release|Any CPU.ActiveCfg = Release|Any CPU
		{879F02A5-C49A-489D-A21C-E287B3E8AA1C}.Release|Any CPU.Build.0 = Release|Any CPU
	EndGlobalSection
	GlobalSection(SolutionProperties) = preSolution
		HideSolutionNode = FALSE
	EndGlobalSection
	GlobalSection(ExtensibilityGlobals) = postSolution
		SolutionGuid = {C466153D-CC2C-4C95-A2BD-2D0091370ECC}
	EndGlobalSection
EndGlobal
